
Microsoft Visual Studio Solution File, Format Version 12.00
# Visual Studio 15
VisualStudioVersion = 15.0.27703.2042
MinimumVisualStudioVersion = 10.0.40219.1
Project("{8BC9CEB8-8B4A-11D0-8D11-00A0C91BC942}") = "NumericalAnalysis", "NumericalAnalysis\NumericalAnalysis.vcxproj", "{1B64D8E4-6F16-42C4-AF12-33CDCCC286E5}"
EndProject
Project("{8BC9CEB8-8B4A-11D0-8D11-00A0C91BC942}") = "coroutines", "coroutines\coroutines.vcxproj", "{B9F4F78D-7FC5-49E8-B1D6-EA1ED026DEB5}"
EndProject
Global
	GlobalSection(SolutionConfigurationPlatforms) = preSolution
		Debug|x64 = Debug|x64
		Debug|x86 = Debug|x86
		Release|x64 = Release|x64
		Release|x86 = Release|x86
	EndGlobalSection
	GlobalSection(ProjectConfigurationPlatforms) = postSolution
		{1B64D8E4-6F16-42C4-AF12-33CDCCC286E5}.Debug|x64.ActiveCfg = Debug|x64
		{1B64D8E4-6F16-42C4-AF12-33CDCCC286E5}.Debug|x64.Build.0 = Debug|x64
		{1B64D8E4-6F16-42C4-AF12-33CDCCC286E5}.Debug|x86.ActiveCfg = Debug|Win32
		{1B64D8E4-6F16-42C4-AF12-33CDCCC286E5}.Debug|x86.Build.0 = Debug|Win32
		{1B64D8E4-6F16-42C4-AF12-33CDCCC286E5}.Release|x64.ActiveCfg = Release|x64
		{1B64D8E4-6F16-42C4-AF12-33CDCCC286E5}.Release|x64.Build.0 = Release|x64
		{1B64D8E4-6F16-42C4-AF12-33CDCCC286E5}.Release|x86.ActiveCfg = Release|Win32
		{1B64D8E4-6F16-42C4-AF12-33CDCCC286E5}.Release|x86.Build.0 = Release|Win32
		{B9F4F78D-7FC5-49E8-B1D6-EA1ED026DEB5}.Debug|x64.ActiveCfg = Debug|x64
		{B9F4F78D-7FC5-49E8-B1D6-EA1ED026DEB5}.Debug|x64.Build.0 = Debug|x64
		{B9F4F78D-7FC5-49E8-B1D6-EA1ED026DEB5}.Debug|x86.ActiveCfg = Debug|Win32
		{B9F4F78D-7FC5-49E8-B1D6-EA1ED026DEB5}.Debug|x86.Build.0 = Debug|Win32
		{B9F4F78D-7FC5-49E8-B1D6-EA1ED026DEB5}.Release|x64.ActiveCfg = Release|x64
		{B9F4F78D-7FC5-49E8-B1D6-EA1ED026DEB5}.Release|x64.Build.0 = Release|x64
		{B9F4F78D-7FC5-49E8-B1D6-EA1ED026DEB5}.Release|x86.ActiveCfg = Release|Win32
		{B9F4F78D-7FC5-49E8-B1D6-EA1ED026DEB5}.Release|x86.Build.0 = Release|Win32
	EndGlobalSection
	GlobalSection(SolutionProperties) = preSolution
		HideSolutionNode = FALSE
	EndGlobalSection
	GlobalSection(ExtensibilityGlobals) = postSolution
		SolutionGuid = {60A2720B-5D0A-4092-AC69-43730C4B7F07}
	EndGlobalSection
EndGlobal
